{
  "version": 4,
  "terraform_version": "1.14.3",
  "serial": 38,
  "lineage": "40cb787a-a5cc-27f8-dd6b-cd092fc5c8a1",
  "outputs": {
    "iap_ssh_command": {
      "value": "gcloud compute ssh gha-runner --zone europe-west1-b --tunnel-through-iap --project github-actions-terraform-k8s",
      "type": "string"
    },
    "runner_internal_ip": {
      "value": "10.14.0.9",
      "type": "string"
    },
    "runner_service_account_email": {
      "value": "github-actions-runner@github-actions-terraform-k8s.iam.gserviceaccount.com",
      "type": "string"
    },
    "runner_vm_name": {
      "value": "gha-runner",
      "type": "string"
    },
    "runner_zone": {
      "value": "europe-west1-b",
      "type": "string"
    }
  },
  "resources": [
    {
      "mode": "data",
      "type": "google_compute_network",
      "name": "vpc",
      "provider": "provider[\"registry.terraform.io/hashicorp/google\"]",
      "instances": [
        {
          "schema_version": 0,
          "attributes": {
            "description": "",
            "gateway_ipv4": "",
            "id": "projects/github-actions-terraform-k8s/global/networks/prod-01",
            "internal_ipv6_range": "",
            "name": "prod-01",
            "network_id": 6942982291104814812,
            "network_profile": "",
            "numeric_id": "6942982291104814812",
            "project": null,
            "self_link": "https://www.googleapis.com/compute/v1/projects/github-actions-terraform-k8s/global/networks/prod-01",
            "subnetworks_self_links": [
              "https://www.googleapis.com/compute/v1/projects/github-actions-terraform-k8s/regions/europe-west1/subnetworks/prod-01-subnet"
            ]
          },
          "sensitive_attributes": [],
          "identity_schema_version": 0
        }
      ]
    },
    {
      "mode": "data",
      "type": "google_compute_subnetwork",
      "name": "subnet",
      "provider": "provider[\"registry.terraform.io/hashicorp/google\"]",
      "instances": [
        {
          "schema_version": 0,
          "attributes": {
            "description": "",
            "external_ipv6_prefix": "",
            "gateway_address": "10.14.0.1",
            "id": "projects/github-actions-terraform-k8s/regions/europe-west1/subnetworks/prod-01-subnet",
            "internal_ipv6_prefix": "",
            "ip_cidr_range": "10.14.0.0/16",
            "ipv6_access_type": "",
            "name": "prod-01-subnet",
            "network": "https://www.googleapis.com/compute/v1/projects/github-actions-terraform-k8s/global/networks/prod-01",
            "private_ip_google_access": true,
            "project": "github-actions-terraform-k8s",
            "region": "europe-west1",
            "secondary_ip_range": [
              {
                "ip_cidr_range": "10.24.0.0/16",
                "range_name": "pods"
              },
              {
                "ip_cidr_range": "10.34.0.0/20",
                "range_name": "services"
              }
            ],
            "self_link": "https://www.googleapis.com/compute/v1/projects/github-actions-terraform-k8s/regions/europe-west1/subnetworks/prod-01-subnet",
            "stack_type": "IPV4_ONLY",
            "subnetwork_id": 8811134833974662822
          },
          "sensitive_attributes": [],
          "identity_schema_version": 0
        }
      ]
    },
    {
      "mode": "managed",
      "type": "google_compute_firewall",
      "name": "iap_tunnel_ingress",
      "provider": "provider[\"registry.terraform.io/hashicorp/google\"]",
      "instances": [
        {
          "schema_version": 1,
          "attributes": {
            "allow": [
              {
                "ports": [
                  "22"
                ],
                "protocol": "tcp"
              }
            ],
            "creation_timestamp": "2026-02-11T19:26:48.816-08:00",
            "deny": [],
            "description": "",
            "destination_ranges": [],
            "direction": "INGRESS",
            "disabled": false,
            "enable_logging": null,
            "id": "projects/github-actions-terraform-k8s/global/firewalls/gha-runner-iap-ingress",
            "log_config": [],
            "name": "gha-runner-iap-ingress",
            "network": "https://www.googleapis.com/compute/v1/projects/github-actions-terraform-k8s/global/networks/prod-01",
            "params": [],
            "priority": 1000,
            "project": "github-actions-terraform-k8s",
            "self_link": "https://www.googleapis.com/compute/v1/projects/github-actions-terraform-k8s/global/firewalls/gha-runner-iap-ingress",
            "source_ranges": [
              "35.235.240.0/20"
            ],
            "source_service_accounts": null,
            "source_tags": null,
            "target_service_accounts": [
              "github-actions-runner@github-actions-terraform-k8s.iam.gserviceaccount.com"
            ],
            "target_tags": null,
            "timeouts": null
          },
          "sensitive_attributes": [],
          "identity_schema_version": 0,
          "private": "eyJlMmJmYjczMC1lY2FhLTExZTYtOGY4OC0zNDM2M2JjN2M0YzAiOnsiY3JlYXRlIjoxMjAwMDAwMDAwMDAwLCJkZWxldGUiOjEyMDAwMDAwMDAwMDAsInVwZGF0ZSI6MTIwMDAwMDAwMDAwMH0sInNjaGVtYV92ZXJzaW9uIjoiMSJ9",
          "dependencies": [
            "data.google_compute_network.vpc",
            "google_service_account.runner"
          ]
        }
      ]
    },
    {
      "mode": "managed",
      "type": "google_compute_firewall",
      "name": "runner_egress",
      "provider": "provider[\"registry.terraform.io/hashicorp/google\"]",
      "instances": [
        {
          "schema_version": 1,
          "attributes": {
            "allow": [
              {
                "ports": [
                  "443",
                  "80"
                ],
                "protocol": "tcp"
              },
              {
                "ports": [
                  "53"
                ],
                "protocol": "tcp"
              },
              {
                "ports": [
                  "53"
                ],
                "protocol": "udp"
              }
            ],
            "creation_timestamp": "2026-02-11T19:26:48.989-08:00",
            "deny": [],
            "description": "",
            "destination_ranges": [
              "0.0.0.0/0"
            ],
            "direction": "EGRESS",
            "disabled": false,
            "enable_logging": null,
            "id": "projects/github-actions-terraform-k8s/global/firewalls/gha-runner-egress",
            "log_config": [],
            "name": "gha-runner-egress",
            "network": "https://www.googleapis.com/compute/v1/projects/github-actions-terraform-k8s/global/networks/prod-01",
            "params": [],
            "priority": 1000,
            "project": "github-actions-terraform-k8s",
            "self_link": "https://www.googleapis.com/compute/v1/projects/github-actions-terraform-k8s/global/firewalls/gha-runner-egress",
            "source_ranges": null,
            "source_service_accounts": null,
            "source_tags": null,
            "target_service_accounts": [
              "github-actions-runner@github-actions-terraform-k8s.iam.gserviceaccount.com"
            ],
            "target_tags": null,
            "timeouts": null
          },
          "sensitive_attributes": [],
          "identity_schema_version": 0,
          "private": "eyJlMmJmYjczMC1lY2FhLTExZTYtOGY4OC0zNDM2M2JjN2M0YzAiOnsiY3JlYXRlIjoxMjAwMDAwMDAwMDAwLCJkZWxldGUiOjEyMDAwMDAwMDAwMDAsInVwZGF0ZSI6MTIwMDAwMDAwMDAwMH0sInNjaGVtYV92ZXJzaW9uIjoiMSJ9",
          "dependencies": [
            "data.google_compute_network.vpc",
            "google_service_account.runner"
          ]
        }
      ]
    },
    {
      "mode": "managed",
      "type": "google_compute_instance",
      "name": "runner",
      "provider": "provider[\"registry.terraform.io/hashicorp/google\"]",
      "instances": [
        {
          "schema_version": 6,
          "attributes": {
            "advanced_machine_features": [],
            "allow_stopping_for_update": null,
            "attached_disk": [],
            "boot_disk": [
              {
                "auto_delete": true,
                "device_name": "persistent-disk-0",
                "disk_encryption_key_raw": "",
                "disk_encryption_key_rsa": "",
                "disk_encryption_key_sha256": "",
                "disk_encryption_service_account": "",
                "force_attach": false,
                "guest_os_features": [
                  "VIRTIO_SCSI_MULTIQUEUE",
                  "SEV_CAPABLE",
                  "SEV_SNP_CAPABLE",
                  "SEV_LIVE_MIGRATABLE",
                  "SEV_LIVE_MIGRATABLE_V2",
                  "SNP_SVSM_CAPABLE",
                  "IDPF",
                  "TDX_CAPABLE",
                  "UEFI_COMPATIBLE",
                  "GVNIC"
                ],
                "initialize_params": [
                  {
                    "architecture": "X86_64",
                    "enable_confidential_compute": false,
                    "image": "https://www.googleapis.com/compute/v1/projects/ubuntu-os-cloud/global/images/ubuntu-2404-noble-amd64-v20260128",
                    "labels": {},
                    "provisioned_iops": 0,
                    "provisioned_throughput": 0,
                    "resource_manager_tags": null,
                    "resource_policies": [],
                    "size": 30,
                    "snapshot": "",
                    "source_image_encryption_key": [],
                    "source_snapshot_encryption_key": [],
                    "storage_pool": "",
                    "type": "pd-standard"
                  }
                ],
                "interface": "",
                "kms_key_self_link": "",
                "mode": "READ_WRITE",
                "source": "https://www.googleapis.com/compute/v1/projects/github-actions-terraform-k8s/zones/europe-west1-b/disks/gha-runner"
              }
            ],
            "can_ip_forward": false,
            "confidential_instance_config": [],
            "cpu_platform": "Intel Broadwell",
            "creation_timestamp": "2026-02-11T19:26:49.315-08:00",
            "current_status": "RUNNING",
            "deletion_protection": false,
            "description": "",
            "desired_status": null,
            "effective_labels": {
              "goog-terraform-provisioned": "true"
            },
            "enable_display": false,
            "guest_accelerator": [],
            "hostname": "",
            "id": "projects/github-actions-terraform-k8s/zones/europe-west1-b/instances/gha-runner",
            "instance_encryption_key": [],
            "instance_id": "432159745539896982",
            "key_revocation_action_type": "",
            "label_fingerprint": "vezUS-42LLM=",
            "labels": null,
            "machine_type": "e2-medium",
            "metadata": null,
            "metadata_fingerprint": "9taPaTwfaq8=",
            "metadata_startup_script": "#!/bin/bash\nset -xe\n#exec \u003e /var/log/startup-script.log 2\u003e\u00261\n\napt-get update \u0026\u0026 apt-get install -y ca-certificates curl gnupg lsb-release jq\n\n# Install Google Cloud SDK and GKE auth plugin\ncurl https://packages.cloud.google.com/apt/doc/apt-key.gpg | sudo gpg --dearmor -o /usr/share/keyrings/cloud.google.gpg\necho \"deb [signed-by=/usr/share/keyrings/cloud.google.gpg] https://packages.cloud.google.com/apt cloud-sdk main\" | tee /etc/apt/sources.list.d/google-cloud-sdk.list\n        \n# Install Helm\ncurl -fsSL https://packages.buildkite.com/helm-linux/helm-debian/gpgkey | gpg --dearmor | sudo tee /usr/share/keyrings/helm.gpg \u003e /dev/null\necho \"deb [signed-by=/usr/share/keyrings/helm.gpg] https://packages.buildkite.com/helm-linux/helm-debian/any/ any main\" | sudo tee /etc/apt/sources.list.d/helm-stable-debian.list\n    \napt-get update \u0026\u0026 apt-get install -y google-cloud-cli  google-cloud-sdk-gke-gcloud-auth-plugin  kubectl helm\n\n# Install Runner\nRUNNER_USER=github\nRUNNER_HOME=/home/$RUNNER_USER\nRUNNER_DIR=$RUNNER_HOME/actions-runner\nREPO_URL=\"https://github.com/goland10/multi-cloud-k8s\"\nGH_API=\"https://api.github.com/repos/goland10/multi-cloud-k8s/actions/runners/registration-token\"\n\n# Create runner user if needed\nid $RUNNER_USER \u0026\u003e/dev/null || useradd -m $RUNNER_USER\n\n# Download the latest runner package and Extract the installer\nmkdir -p $RUNNER_DIR\n    \nif [ ! -f \"$RUNNER_DIR/config.sh\" ]; then\n  cd $RUNNER_DIR\n  curl -o actions-runner-linux-x64.tar.gz -L https://github.com/actions/runner/releases/download/v2.331.0/actions-runner-linux-x64-2.331.0.tar.gz\n  tar xzf ./actions-runner-linux-x64.tar.gz\n  chown -R $RUNNER_USER:$RUNNER_USER $RUNNER_HOME\nfi\n\n# Register runner only once\nif [ ! -f \"$RUNNER_DIR/.runner\" ]; then\n  GH_PAT=$(gcloud secrets versions access latest --secret=github_pat)\n\n  RUNNER_TOKEN=$(curl -s -X POST \\\n    -H \"Authorization: Bearer $GH_PAT\" \\\n    -H \"Accept: application/vnd.github+json\" \\\n    $GH_API | jq -r .token)\n\n  # Configure and start the runner\n  sudo -u $RUNNER_USER bash -c \"\n  cd $RUNNER_DIR\n  ./config.sh \\\n    --url $REPO_URL \\\n    --token $RUNNER_TOKEN \\\n    --unattended \\\n    --replace\n  ./run.sh\n  \"\n      \nfi\n",
            "min_cpu_platform": "",
            "name": "gha-runner",
            "network_interface": [
              {
                "access_config": [],
                "alias_ip_range": [],
                "igmp_query": "",
                "internal_ipv6_prefix_length": 0,
                "ipv6_access_config": [],
                "ipv6_access_type": "",
                "ipv6_address": "",
                "name": "nic0",
                "network": "https://www.googleapis.com/compute/v1/projects/github-actions-terraform-k8s/global/networks/prod-01",
                "network_attachment": "",
                "network_ip": "10.14.0.9",
                "nic_type": "",
                "queue_count": 0,
                "stack_type": "IPV4_ONLY",
                "subnetwork": "https://www.googleapis.com/compute/v1/projects/github-actions-terraform-k8s/regions/europe-west1/subnetworks/prod-01-subnet",
                "subnetwork_project": "github-actions-terraform-k8s"
              }
            ],
            "network_performance_config": [],
            "params": [],
            "project": "github-actions-terraform-k8s",
            "reservation_affinity": [],
            "resource_policies": null,
            "scheduling": [
              {
                "automatic_restart": true,
                "availability_domain": 0,
                "instance_termination_action": "",
                "local_ssd_recovery_timeout": [],
                "max_run_duration": [],
                "min_node_cpus": 0,
                "node_affinities": [],
                "on_host_maintenance": "MIGRATE",
                "on_instance_stop_action": [],
                "preemptible": false,
                "provisioning_model": "STANDARD",
                "termination_time": ""
              }
            ],
            "scratch_disk": [],
            "self_link": "https://www.googleapis.com/compute/v1/projects/github-actions-terraform-k8s/zones/europe-west1-b/instances/gha-runner",
            "service_account": [
              {
                "email": "github-actions-runner@github-actions-terraform-k8s.iam.gserviceaccount.com",
                "scopes": [
                  "https://www.googleapis.com/auth/cloud-platform"
                ]
              }
            ],
            "shielded_instance_config": [
              {
                "enable_integrity_monitoring": true,
                "enable_secure_boot": false,
                "enable_vtpm": true
              }
            ],
            "tags": [
              "github-runner"
            ],
            "tags_fingerprint": "0I7D_wzKxOY=",
            "terraform_labels": {
              "goog-terraform-provisioned": "true"
            },
            "timeouts": null,
            "zone": "europe-west1-b"
          },
          "sensitive_attributes": [
            [
              {
                "type": "get_attr",
                "value": "boot_disk"
              },
              {
                "type": "index",
                "value": {
                  "value": 0,
                  "type": "number"
                }
              },
              {
                "type": "get_attr",
                "value": "disk_encryption_key_raw"
              }
            ],
            [
              {
                "type": "get_attr",
                "value": "boot_disk"
              },
              {
                "type": "index",
                "value": {
                  "value": 0,
                  "type": "number"
                }
              },
              {
                "type": "get_attr",
                "value": "disk_encryption_key_rsa"
              }
            ]
          ],
          "identity_schema_version": 0,
          "private": "eyJlMmJmYjczMC1lY2FhLTExZTYtOGY4OC0zNDM2M2JjN2M0YzAiOnsiY3JlYXRlIjoxMjAwMDAwMDAwMDAwLCJkZWxldGUiOjEyMDAwMDAwMDAwMDAsInVwZGF0ZSI6MTIwMDAwMDAwMDAwMH0sInNjaGVtYV92ZXJzaW9uIjoiNiJ9",
          "dependencies": [
            "data.google_compute_subnetwork.subnet",
            "google_service_account.runner"
          ]
        }
      ]
    },
    {
      "mode": "managed",
      "type": "google_compute_router",
      "name": "nat_router",
      "provider": "provider[\"registry.terraform.io/hashicorp/google\"]",
      "instances": [
        {
          "schema_version": 0,
          "attributes": {
            "bgp": [],
            "creation_timestamp": "2026-02-11T19:26:35.036-08:00",
            "description": "",
            "encrypted_interconnect_router": false,
            "id": "projects/github-actions-terraform-k8s/regions/europe-west1/routers/gha-runner-nat-router",
            "md5_authentication_keys": [],
            "name": "gha-runner-nat-router",
            "network": "https://www.googleapis.com/compute/v1/projects/github-actions-terraform-k8s/global/networks/prod-01",
            "params": [],
            "project": "github-actions-terraform-k8s",
            "region": "europe-west1",
            "self_link": "https://www.googleapis.com/compute/v1/projects/github-actions-terraform-k8s/regions/europe-west1/routers/gha-runner-nat-router",
            "timeouts": null
          },
          "sensitive_attributes": [],
          "identity_schema_version": 0,
          "private": "eyJlMmJmYjczMC1lY2FhLTExZTYtOGY4OC0zNDM2M2JjN2M0YzAiOnsiY3JlYXRlIjoxMjAwMDAwMDAwMDAwLCJkZWxldGUiOjEyMDAwMDAwMDAwMDAsInVwZGF0ZSI6MTIwMDAwMDAwMDAwMH19",
          "dependencies": [
            "data.google_compute_network.vpc"
          ]
        }
      ]
    },
    {
      "mode": "managed",
      "type": "google_compute_router_nat",
      "name": "nat",
      "provider": "provider[\"registry.terraform.io/hashicorp/google\"]",
      "instances": [
        {
          "schema_version": 0,
          "attributes": {
            "auto_network_tier": null,
            "drain_nat_ips": [],
            "enable_dynamic_port_allocation": false,
            "enable_endpoint_independent_mapping": false,
            "endpoint_types": [
              "ENDPOINT_TYPE_VM"
            ],
            "icmp_idle_timeout_sec": 30,
            "id": "github-actions-terraform-k8s/europe-west1/gha-runner-nat-router/gha-runner-nat",
            "initial_nat_ips": null,
            "log_config": [],
            "max_ports_per_vm": 0,
            "min_ports_per_vm": 0,
            "name": "gha-runner-nat",
            "nat64_subnetwork": [],
            "nat_ip_allocate_option": "AUTO_ONLY",
            "nat_ips": [],
            "project": "github-actions-terraform-k8s",
            "region": "europe-west1",
            "router": "gha-runner-nat-router",
            "rules": [],
            "source_subnetwork_ip_ranges_to_nat": "LIST_OF_SUBNETWORKS",
            "source_subnetwork_ip_ranges_to_nat64": "",
            "subnetwork": [
              {
                "name": "https://www.googleapis.com/compute/v1/projects/github-actions-terraform-k8s/regions/europe-west1/subnetworks/prod-01-subnet",
                "secondary_ip_range_names": [],
                "source_ip_ranges_to_nat": [
                  "ALL_IP_RANGES"
                ]
              }
            ],
            "tcp_established_idle_timeout_sec": 1200,
            "tcp_time_wait_timeout_sec": 120,
            "tcp_transitory_idle_timeout_sec": 30,
            "timeouts": null,
            "type": "PUBLIC",
            "udp_idle_timeout_sec": 30
          },
          "sensitive_attributes": [],
          "identity_schema_version": 0,
          "private": "eyJlMmJmYjczMC1lY2FhLTExZTYtOGY4OC0zNDM2M2JjN2M0YzAiOnsiY3JlYXRlIjoxMjAwMDAwMDAwMDAwLCJkZWxldGUiOjEyMDAwMDAwMDAwMDAsInVwZGF0ZSI6MTIwMDAwMDAwMDAwMH19",
          "dependencies": [
            "data.google_compute_network.vpc",
            "data.google_compute_subnetwork.subnet",
            "google_compute_router.nat_router"
          ]
        }
      ]
    },
    {
      "mode": "managed",
      "type": "google_project_iam_member",
      "name": "gke_developer",
      "provider": "provider[\"registry.terraform.io/hashicorp/google\"]",
      "instances": [
        {
          "schema_version": 0,
          "attributes": {
            "condition": [],
            "etag": "BwZKmA9eeHs=",
            "id": "github-actions-terraform-k8s/roles/container.developer/serviceAccount:github-actions-runner@github-actions-terraform-k8s.iam.gserviceaccount.com",
            "member": "serviceAccount:github-actions-runner@github-actions-terraform-k8s.iam.gserviceaccount.com",
            "project": "github-actions-terraform-k8s",
            "role": "roles/container.developer"
          },
          "sensitive_attributes": [],
          "identity_schema_version": 0,
          "private": "bnVsbA==",
          "dependencies": [
            "google_service_account.runner"
          ]
        }
      ]
    },
    {
      "mode": "managed",
      "type": "google_project_iam_member",
      "name": "runner_secret_access",
      "provider": "provider[\"registry.terraform.io/hashicorp/google\"]",
      "instances": [
        {
          "schema_version": 0,
          "attributes": {
            "condition": [],
            "etag": "BwZKmA9eeHs=",
            "id": "github-actions-terraform-k8s/roles/secretmanager.secretAccessor/serviceAccount:github-actions-runner@github-actions-terraform-k8s.iam.gserviceaccount.com",
            "member": "serviceAccount:github-actions-runner@github-actions-terraform-k8s.iam.gserviceaccount.com",
            "project": "github-actions-terraform-k8s",
            "role": "roles/secretmanager.secretAccessor"
          },
          "sensitive_attributes": [],
          "identity_schema_version": 0,
          "private": "bnVsbA==",
          "dependencies": [
            "google_service_account.runner"
          ]
        }
      ]
    },
    {
      "mode": "managed",
      "type": "google_service_account",
      "name": "runner",
      "provider": "provider[\"registry.terraform.io/hashicorp/google\"]",
      "instances": [
        {
          "schema_version": 0,
          "attributes": {
            "account_id": "github-actions-runner",
            "create_ignore_already_exists": null,
            "description": "",
            "disabled": false,
            "display_name": "GitHub Actions Runner",
            "email": "github-actions-runner@github-actions-terraform-k8s.iam.gserviceaccount.com",
            "id": "projects/github-actions-terraform-k8s/serviceAccounts/github-actions-runner@github-actions-terraform-k8s.iam.gserviceaccount.com",
            "member": "serviceAccount:github-actions-runner@github-actions-terraform-k8s.iam.gserviceaccount.com",
            "name": "projects/github-actions-terraform-k8s/serviceAccounts/github-actions-runner@github-actions-terraform-k8s.iam.gserviceaccount.com",
            "project": "github-actions-terraform-k8s",
            "timeouts": null,
            "unique_id": "115441903351516157273"
          },
          "sensitive_attributes": [],
          "identity_schema_version": 0,
          "private": "eyJlMmJmYjczMC1lY2FhLTExZTYtOGY4OC0zNDM2M2JjN2M0YzAiOnsiY3JlYXRlIjozMDAwMDAwMDAwMDB9fQ=="
        }
      ]
    }
  ],
  "check_results": null
}
